// !$*UTF8*$!
{
	archiveVersion = 1;
	classes = {
	};
	objectVersion = 50;
	objects = {

/* Begin PBXBuildFile section */
		C1B690F3261509EE00FEB145 /* AppDelegate.swift in Sources */ = {isa = PBXBuildFile; fileRef = C1B690F2261509EE00FEB145 /* AppDelegate.swift */; };
		C1B690F5261509EE00FEB145 /* SceneDelegate.swift in Sources */ = {isa = PBXBuildFile; fileRef = C1B690F4261509EE00FEB145 /* SceneDelegate.swift */; };
		C1B690F7261509EE00FEB145 /* ViewController.swift in Sources */ = {isa = PBXBuildFile; fileRef = C1B690F6261509EE00FEB145 /* ViewController.swift */; };
		C1B690FA261509EE00FEB145 /* Main.storyboard in Resources */ = {isa = PBXBuildFile; fileRef = C1B690F8261509EE00FEB145 /* Main.storyboard */; };
		C1B690FC261509EF00FEB145 /* Assets.xcassets in Resources */ = {isa = PBXBuildFile; fileRef = C1B690FB261509EF00FEB145 /* Assets.xcassets */; };
		C1B690FF261509EF00FEB145 /* LaunchScreen.storyboard in Resources */ = {isa = PBXBuildFile; fileRef = C1B690FD261509EF00FEB145 /* LaunchScreen.storyboard */; };
		C1B6910B26150F1600FEB145 /* PatchBay.swift in Sources */ = {isa = PBXBuildFile; fileRef = C1B6910A26150F1600FEB145 /* PatchBay.swift */; };
		C1B6910E2615196E00FEB145 /* PatchBayView.swift in Sources */ = {isa = PBXBuildFile; fileRef = C1B6910D2615196E00FEB145 /* PatchBayView.swift */; };
		C1B6911326153C5A00FEB145 /* PatchGenerator.swift in Sources */ = {isa = PBXBuildFile; fileRef = C1B6911226153C5A00FEB145 /* PatchGenerator.swift */; };
/* End PBXBuildFile section */

/* Begin PBXFileReference section */
		C1B690EF261509EE00FEB145 /* MotherDiceGame.app */ = {isa = PBXFileReference; explicitFileType = wrapper.application; includeInIndex = 0; path = MotherDiceGame.app; sourceTree = BUILT_PRODUCTS_DIR; };
		C1B690F2261509EE00FEB145 /* AppDelegate.swift */ = {isa = PBXFileReference; lastKnownFileType = sourcecode.swift; path = AppDelegate.swift; sourceTree = "<group>"; };
		C1B690F4261509EE00FEB145 /* SceneDelegate.swift */ = {isa = PBXFileReference; lastKnownFileType = sourcecode.swift; path = SceneDelegate.swift; sourceTree = "<group>"; };
		C1B690F6261509EE00FEB145 /* ViewController.swift */ = {isa = PBXFileReference; lastKnownFileType = sourcecode.swift; path = ViewController.swift; sourceTree = "<group>"; };
		C1B690F9261509EE00FEB145 /* Base */ = {isa = PBXFileReference; lastKnownFileType = file.storyboard; name = Base; path = Base.lproj/Main.storyboard; sourceTree = "<group>"; };
		C1B690FB261509EF00FEB145 /* Assets.xcassets */ = {isa = PBXFileReference; lastKnownFileType = folder.assetcatalog; path = Assets.xcassets; sourceTree = "<group>"; };
		C1B690FE261509EF00FEB145 /* Base */ = {isa = PBXFileReference; lastKnownFileType = file.storyboard; name = Base; path = Base.lproj/LaunchScreen.storyboard; sourceTree = "<group>"; };
		C1B69100261509EF00FEB145 /* Info.plist */ = {isa = PBXFileReference; lastKnownFileType = text.plist.xml; path = Info.plist; sourceTree = "<group>"; };
		C1B6910A26150F1600FEB145 /* PatchBay.swift */ = {isa = PBXFileReference; lastKnownFileType = sourcecode.swift; path = PatchBay.swift; sourceTree = "<group>"; };
		C1B6910D2615196E00FEB145 /* PatchBayView.swift */ = {isa = PBXFileReference; lastKnownFileType = sourcecode.swift; path = PatchBayView.swift; sourceTree = "<group>"; };
		C1B6911226153C5A00FEB145 /* PatchGenerator.swift */ = {isa = PBXFileReference; lastKnownFileType = sourcecode.swift; path = PatchGenerator.swift; sourceTree = "<group>"; };
/* End PBXFileReference section */

/* Begin PBXFrameworksBuildPhase section */
		C1B690EC261509EE00FEB145 /* Frameworks */ = {
			isa = PBXFrameworksBuildPhase;
			buildActionMask = 2147483647;
			files = (
			);
			runOnlyForDeploymentPostprocessing = 0;
		};
/* End PBXFrameworksBuildPhase section */

/* Begin PBXGroup section */
		C1B690E6261509EE00FEB145 = {
			isa = PBXGroup;
			children = (
				C1B690F1261509EE00FEB145 /* MotherDiceGame */,
				C1B690F0261509EE00FEB145 /* Products */,
			);
			sourceTree = "<group>";
		};
		C1B690F0261509EE00FEB145 /* Products */ = {
			isa = PBXGroup;
			children = (
				C1B690EF261509EE00FEB145 /* MotherDiceGame.app */,
			);
			name = Products;
			sourceTree = "<group>";
		};
		C1B690F1261509EE00FEB145 /* MotherDiceGame */ = {
			isa = PBXGroup;
			children = (
				C1B690F2261509EE00FEB145 /* AppDelegate.swift */,
				C1B690F4261509EE00FEB145 /* SceneDelegate.swift */,
				C1B690F6261509EE00FEB145 /* ViewController.swift */,
				C1B690F8261509EE00FEB145 /* Main.storyboard */,
				C1B690FB261509EF00FEB145 /* Assets.xcassets */,
				C1B690FD261509EF00FEB145 /* LaunchScreen.storyboard */,
				C1B69100261509EF00FEB145 /* Info.plist */,
				C1B6910A26150F1600FEB145 /* PatchBay.swift */,
				C1B6910D2615196E00FEB145 /* PatchBayView.swift */,
				C1B6911226153C5A00FEB145 /* PatchGenerator.swift */,
			);
			path = MotherDiceGame;
			sourceTree = "<group>";
		};
/* End PBXGroup section */

/* Begin PBXNativeTarget section */
		C1B690EE261509EE00FEB145 /* MotherDiceGame */ = {
			isa = PBXNativeTarget;
			buildConfigurationList = C1B69103261509EF00FEB145 /* Build configuration list for PBXNativeTarget "MotherDiceGame" */;
			buildPhases = (
				C1B690EB261509EE00FEB145 /* Sources */,
				C1B690EC261509EE00FEB145 /* Frameworks */,
				C1B690ED261509EE00FEB145 /* Resources */,
			);
			buildRules = (
			);
			dependencies = (
			);
			name = MotherDiceGame;
			productName = MotherDiceGame;
			productReference = C1B690EF261509EE00FEB145 /* MotherDiceGame.app */;
			productType = "com.apple.product-type.application";
		};
/* End PBXNativeTarget section */

/* Begin PBXProject section */
		C1B690E7261509EE00FEB145 /* Project object */ = {
			isa = PBXProject;
			attributes = {
				LastSwiftUpdateCheck = 1240;
				LastUpgradeCheck = 1240;
				TargetAttributes = {
					C1B690EE261509EE00FEB145 = {
						CreatedOnToolsVersion = 12.4;
					};
				};
			};
			buildConfigurationList = C1B690EA261509EE00FEB145 /* Build configuration list for PBXProject "MotherDiceGame" */;
			compatibilityVersion = "Xcode 9.3";
			developmentRegion = en;
			hasScannedForEncodings = 0;
			knownRegions = (
				en,
				Base,
			);
			mainGroup = C1B690E6261509EE00FEB145;
			productRefGroup = C1B690F0261509EE00FEB145 /* Products */;
			projectDirPath = "";
			projectRoot = "";
			targets = (
				C1B690EE261509EE00FEB145 /* MotherDiceGame */,
			);
		};
/* End PBXProject section */

/* Begin PBXResourcesBuildPhase section */
		C1B690ED261509EE00FEB145 /* Resources */ = {
			isa = PBXResourcesBuildPhase;
			buildActionMask = 2147483647;
			files = (
				C1B690FF261509EF00FEB145 /* LaunchScreen.storyboard in Resources */,
				C1B690FC261509EF00FEB145 /* Assets.xcassets in Resources */,
				C1B690FA261509EE00FEB145 /* Main.storyboard in Resources */,
			);
			runOnlyForDeploymentPostprocessing = 0;
		};
/* End PBXResourcesBuildPhase section */

/* Begin PBXSourcesBuildPhase section */
		C1B690EB261509EE00FEB145 /* Sources */ = {
			isa = PBXSourcesBuildPhase;
			buildActionMask = 2147483647;
			files = (
				C1B6911326153C5A00FEB145 /* PatchGenerator.swift in Sources */,
				C1B690F7261509EE00FEB145 /* ViewController.swift in Sources */,
				C1B6910E2615196E00FEB145 /* PatchBayView.swift in Sources */,
				C1B690F3261509EE00FEB145 /* AppDelegate.swift in Sources */,
				C1B6910B26150F1600FEB145 /* PatchBay.swift in Sources */,
				C1B690F5261509EE00FEB145 /* SceneDelegate.swift in Sources */,
			);
			runOnlyForDeploymentPostprocessing = 0;
		};
/* End PBXSourcesBuildPhase section */

/* Begin PBXVariantGroup section */
		C1B690F8261509EE00FEB145 /* Main.storyboard */ = {
			isa = PBXVariantGroup;
			children = (
				C1B690F9261509EE00FEB145 /* Base */,
			);
			name = Main.storyboard;
			sourceTree = "<group>";
		};
		C1B690FD261509EF00FEB145 /* LaunchScreen.storyboard */ = {
			isa = PBXVariantGroup;
			children = (
				C1B690FE261509EF00FEB145 /* Base */,
			);
			name = LaunchScreen.storyboard;
			sourceTree = "<group>";
		};
/* End PBXVariantGroup section */

/* Begin XCBuildConfiguration section */
		C1B69101261509EF00FEB145 /* Debug */ = {
			isa = XCBuildConfiguration;
			buildSettings = {
				ALWAYS_SEARCH_USER_PATHS = NO;
				CLANG_ANALYZER_NONNULL = YES;
				CLANG_ANALYZER_NUMBER_OBJECT_CONVERSION = YES_AGGRESSIVE;
				CLANG_CXX_LANGUAGE_STANDARD = "gnu++14";
				CLANG_CXX_LIBRARY = "libc++";
				CLANG_ENABLE_MODULES = YES;
				CLANG_ENABLE_OBJC_ARC = YES;
				CLANG_ENABLE_OBJC_WEAK = YES;
				CLANG_WARN_BLOCK_CAPTURE_AUTORELEASING = YES;
				CLANG_WARN_BOOL_CONVERSION = YES;
				CLANG_WARN_COMMA = YES;
				CLANG_WARN_CONSTANT_CONVERSION = YES;
				CLANG_WARN_DEPRECATED_OBJC_IMPLEMENTATIONS = YES;
				CLANG_WARN_DIRECT_OBJC_ISA_USAGE = YES_ERROR;
				CLANG_WARN_DOCUMENTATION_COMMENTS = YES;
				CLANG_WARN_EMPTY_BODY = YES;
				CLANG_WARN_ENUM_CONVERSION = YES;
				CLANG_WARN_INFINITE_RECURSION = YES;
				CLANG_WARN_INT_CONVERSION = YES;
				CLANG_WARN_NON_LITERAL_NULL_CONVERSION = YES;
				CLANG_WARN_OBJC_IMPLICIT_RETAIN_SELF = YES;
				CLANG_WARN_OBJC_LITERAL_CONVERSION = YES;
				CLANG_WARN_OBJC_ROOT_CLASS = YES_ERROR;
				CLANG_WARN_QUOTED_INCLUDE_IN_FRAMEWORK_HEADER = YES;
				CLANG_WARN_RANGE_LOOP_ANALYSIS = YES;
				CLANG_WARN_STRICT_PROTOTYPES = YES;
				CLANG_WARN_SUSPICIOUS_MOVE = YES;
				CLANG_WARN_UNGUARDED_AVAILABILITY = YES_AGGRESSIVE;
				CLANG_WARN_UNREACHABLE_CODE = YES;
				CLANG_WARN__DUPLICATE_METHOD_MATCH = YES;
				COPY_PHASE_STRIP = NO;
				DEBUG_INFORMATION_FORMAT = dwarf;
				ENABLE_STRICT_OBJC_MSGSEND = YES;
				ENABLE_TESTABILITY = YES;
				GCC_C_LANGUAGE_STANDARD = gnu11;
				GCC_DYNAMIC_NO_PIC = NO;
				GCC_NO_COMMON_BLOCKS = YES;
				GCC_OPTIMIZATION_LEVEL = 0;
				GCC_PREPROCESSOR_DEFINITIONS = (
					"DEBUG=1",
					"$(inherited)",
				);
				GCC_WARN_64_TO_32_BIT_CONVERSION = YES;
				GCC_WARN_ABOUT_RETURN_TYPE = YES_ERROR;
				GCC_WARN_UNDECLARED_SELECTOR = YES;
				GCC_WARN_UNINITIALIZED_AUTOS = YES_AGGRESSIVE;
				GCC_WARN_UNUSED_FUNCTION = YES;
				GCC_WARN_UNUSED_VARIABLE = YES;
				IPHONEOS_DEPLOYMENT_TARGET = 14.4;
				MTL_ENABLE_DEBUG_INFO = INCLUDE_SOURCE;
				MTL_FAST_MATH = YES;
				ONLY_ACTIVE_ARCH = YES;
				SDKROOT = iphoneos;
				SWIFT_ACTIVE_COMPILATION_CONDITIONS = DEBUG;
				SWIFT_OPTIMIZATION_LEVEL = "-Onone";
			};
			name = Debug;
		};
		C1B69102261509EF00FEB145 /* Release */ = {
			isa = XCBuildConfiguration;
			buildSettings = {
				ALWAYS_SEARCH_USER_PATHS = NO;
				CLANG_ANALYZER_NONNULL = YES;
				CLANG_ANALYZER_NUMBER_OBJECT_CONVERSION = YES_AGGRESSIVE;
				CLANG_CXX_LANGUAGE_STANDARD = "gnu++14";
				CLANG_CXX_LIBRARY = "libc++";
				CLANG_ENABLE_MODULES = YES;
				CLANG_ENABLE_OBJC_ARC = YES;
				CLANG_ENABLE_OBJC_WEAK = YES;
				CLANG_WARN_BLOCK_CAPTURE_AUTORELEASING = YES;
				CLANG_WARN_BOOL_CONVERSION = YES;
				CLANG_WARN_COMMA = YES;
				CLANG_WARN_CONSTANT_CONVERSION = YES;
				CLANG_WARN_DEPRECATED_OBJC_IMPLEMENTATIONS = YES;
				CLANG_WARN_DIRECT_OBJC_ISA_USAGE = YES_ERROR;
				CLANG_WARN_DOCUMENTATION_COMMENTS = YES;
				CLANG_WARN_EMPTY_BODY = YES;
				CLANG_WARN_ENUM_CONVERSION = YES;
				CLANG_WARN_INFINITE_RECURSION = YES;
				CLANG_WARN_INT_CONVERSION = YES;
				CLANG_WARN_NON_LITERAL_NULL_CONVERSION = YES;
				CLANG_WARN_OBJC_IMPLICIT_RETAIN_SELF = YES;
				CLANG_WARN_OBJC_LITERAL_CONVERSION = YES;
				CLANG_WARN_OBJC_ROOT_CLASS = YES_ERROR;
				CLANG_WARN_QUOTED_INCLUDE_IN_FRAMEWORK_HEADER = YES;
				CLANG_WARN_RANGE_LOOP_ANALYSIS = YES;
				CLANG_WARN_STRICT_PROTOTYPES = YES;
				CLANG_WARN_SUSPICIOUS_MOVE = YES;
				CLANG_WARN_UNGUARDED_AVAILABILITY = YES_AGGRESSIVE;
				CLANG_WARN_UNREACHABLE_CODE = YES;
				CLANG_WARN__DUPLICATE_METHOD_MATCH = YES;
				COPY_PHASE_STRIP = NO;
				DEBUG_INFORMATION_FORMAT = "dwarf-with-dsym";
				ENABLE_NS_ASSERTIONS = NO;
				ENABLE_STRICT_OBJC_MSGSEND = YES;
				GCC_C_LANGUAGE_STANDARD = gnu11;
				GCC_NO_COMMON_BLOCKS = YES;
				GCC_WARN_64_TO_32_BIT_CONVERSION = YES;
				GCC_WARN_ABOUT_RETURN_TYPE = YES_ERROR;
				GCC_WARN_UNDECLARED_SELECTOR = YES;
				GCC_WARN_UNINITIALIZED_AUTOS = YES_AGGRESSIVE;
				GCC_WARN_UNUSED_FUNCTION = YES;
				GCC_WARN_UNUSED_VARIABLE = YES;
				IPHONEOS_DEPLOYMENT_TARGET = 14.4;
				MTL_ENABLE_DEBUG_INFO = NO;
				MTL_FAST_MATH = YES;
				SDKROOT = iphoneos;
				SWIFT_COMPILATION_MODE = wholemodule;
				SWIFT_OPTIMIZATION_LEVEL = "-O";
				VALIDATE_PRODUCT = YES;
			};
			name = Release;
		};
		C1B69104261509EF00FEB145 /* Debug */ = {
			isa = XCBuildConfiguration;
			buildSettings = {
				ASSETCATALOG_COMPILER_APPICON_NAME = AppIcon;
				ASSETCATALOG_COMPILER_GLOBAL_ACCENT_COLOR_NAME = AccentColor;
				CODE_SIGN_STYLE = Automatic;
				DEVELOPMENT_TEAM = 77Y3N48SNF;
				INFOPLIST_FILE = MotherDiceGame/Info.plist;
				LD_RUNPATH_SEARCH_PATHS = (
					"$(inherited)",
					"@executable_path/Frameworks",
				);
				PRODUCT_BUNDLE_IDENTIFIER = com.cemolcay.MotherDiceGame;
				PRODUCT_NAME = "$(TARGET_NAME)";
				SWIFT_VERSION = 5.0;
				TARGETED_DEVICE_FAMILY = "1,2";
			};
			name = Debug;
		};
		C1B69105261509EF00FEB145 /* Release */ = {
			isa = XCBuildConfiguration;
			buildSettings = {
				ASSETCATALOG_COMPILER_APPICON_NAME = AppIcon;
				ASSETCATALOG_COMPILER_GLOBAL_ACCENT_COLOR_NAME = AccentColor;
				CODE_SIGN_STYLE = Automatic;
				DEVELOPMENT_TEAM = 77Y3N48SNF;
				INFOPLIST_FILE = MotherDiceGame/Info.plist;
				LD_RUNPATH_SEARCH_PATHS = (
					"$(inherited)",
					"@executable_path/Frameworks",
				);
				PRODUCT_BUNDLE_IDENTIFIER = com.cemolcay.MotherDiceGame;
				PRODUCT_NAME = "$(TARGET_NAME)";
				SWIFT_VERSION = 5.0;
				TARGETED_DEVICE_FAMILY = "1,2";
			};
			name = Release;
		};
/* End XCBuildConfiguration section */

/* Begin XCConfigurationList section */
		C1B690EA261509EE00FEB145 /* Build configuration list for PBXProject "MotherDiceGame" */ = {
			isa = XCConfigurationList;
			buildConfigurations = (
				C1B69101261509EF00FEB145 /* Debug */,
				C1B69102261509EF00FEB145 /* Release */,
			);
			defaultConfigurationIsVisible = 0;
			defaultConfigurationName = Release;
		};
		C1B69103261509EF00FEB145 /* Build configuration list for PBXNativeTarget "MotherDiceGame" */ = {
			isa = XCConfigurationList;
			buildConfigurations = (
				C1B69104261509EF00FEB145 /* Debug */,
				C1B69105261509EF00FEB145 /* Release */,
			);
			defaultConfigurationIsVisible = 0;
			defaultConfigurationName = Release;
		};
/* End XCConfigurationList section */
	};
	rootObject = C1B690E7261509EE00FEB145 /* Project object */;
}
